#MicroXplorer Configuration settings - do not modify
CAD.formats=
CAD.pinconfig=
CAD.provider=
FSMC.AddressSetupTime1=2
FSMC.BusTurnAroundDuration1=0
FSMC.DataSetupTime1=16
FSMC.ExtendedAddressSetupTime1=4
FSMC.ExtendedBusTurnAroundDuration1=0
FSMC.ExtendedDataSetupTime1=9
FSMC.ExtendedMode1=FSMC_EXTENDED_MODE_ENABLE
FSMC.IPParameters=ExtendedMode1,AddressSetupTime1,DataSetupTime1,BusTurnAroundDuration1,ExtendedAddressSetupTime1,ExtendedDataSetupTime1,ExtendedBusTurnAroundDuration1
File.Version=6
GPIO.groupedBy=Group By Peripherals
KeepUserPlacement=false
Mcu.CPN=STM32F407VET6
Mcu.Family=STM32F4
Mcu.IP0=FSMC
Mcu.IP1=NVIC
Mcu.IP2=RCC
Mcu.IP3=SYS
Mcu.IPNb=4
Mcu.Name=STM32F407V(E-G)Tx
Mcu.Package=LQFP100
Mcu.Pin0=PE5
Mcu.Pin1=PE6
Mcu.Pin10=PE8
Mcu.Pin11=PE9
Mcu.Pin12=PE10
Mcu.Pin13=PE11
Mcu.Pin14=PE12
Mcu.Pin15=PE13
Mcu.Pin16=PE14
Mcu.Pin17=PE15
Mcu.Pin18=PD8
Mcu.Pin19=PD9
Mcu.Pin2=PH0-OSC_IN
Mcu.Pin20=PD10
Mcu.Pin21=PD13
Mcu.Pin22=PD14
Mcu.Pin23=PD15
Mcu.Pin24=PA13
Mcu.Pin25=PA14
Mcu.Pin26=PD0
Mcu.Pin27=PD1
Mcu.Pin28=PD4
Mcu.Pin29=PD5
Mcu.Pin3=PH1-OSC_OUT
Mcu.Pin30=PD7
Mcu.Pin31=VP_SYS_VS_Systick
Mcu.Pin4=PC0
Mcu.Pin5=PC1
Mcu.Pin6=PC2
Mcu.Pin7=PC3
Mcu.Pin8=PB1
Mcu.Pin9=PE7
Mcu.PinsNb=32
Mcu.ThirdPartyNb=0
Mcu.UserConstants=
Mcu.UserName=STM32F407VETx
MxCube.Version=6.8.0
MxDb.Version=DB.6.0.80
NVIC.BusFault_IRQn=true\:0\:0\:false\:false\:true\:false\:false\:false
NVIC.DebugMonitor_IRQn=true\:0\:0\:false\:false\:true\:false\:false\:false
NVIC.EXTI0_IRQn=true\:1\:1\:true\:false\:true\:true\:true\:true
NVIC.EXTI1_IRQn=true\:2\:0\:true\:false\:true\:true\:true\:true
NVIC.EXTI2_IRQn=true\:1\:0\:true\:false\:true\:true\:true\:true
NVIC.EXTI3_IRQn=true\:1\:2\:true\:false\:true\:true\:true\:true
NVIC.ForceEnableDMAVector=true
NVIC.HardFault_IRQn=true\:0\:0\:false\:false\:true\:false\:false\:false
NVIC.MemoryManagement_IRQn=true\:0\:0\:false\:false\:true\:false\:false\:false
NVIC.NonMaskableInt_IRQn=true\:0\:0\:false\:false\:true\:false\:false\:false
NVIC.PendSV_IRQn=true\:0\:0\:false\:false\:true\:false\:false\:false
NVIC.PriorityGroup=NVIC_PRIORITYGROUP_2
NVIC.SVCall_IRQn=true\:0\:0\:false\:false\:true\:false\:false\:false
NVIC.SysTick_IRQn=true\:0\:0\:true\:false\:true\:false\:true\:false
NVIC.UsageFault_IRQn=true\:0\:0\:false\:false\:true\:false\:false\:false
PA13.Locked=true
PA13.Mode=Serial_Wire
PA13.Signal=SYS_JTMS-SWDIO
PA14.Locked=true
PA14.Mode=Serial_Wire
PA14.Signal=SYS_JTCK-SWCLK
PB1.GPIOParameters=GPIO_PuPd,GPIO_Label
PB1.GPIO_Label=LCD_BL
PB1.GPIO_PuPd=GPIO_PULLDOWN
PB1.Locked=true
PB1.Signal=GPIO_Output
PC0.GPIOParameters=GPIO_PuPd,GPIO_Label,GPIO_ModeDefaultEXTI
PC0.GPIO_Label=Key1
PC0.GPIO_ModeDefaultEXTI=GPIO_MODE_IT_FALLING
PC0.GPIO_PuPd=GPIO_PULLUP
PC0.Locked=true
PC0.Signal=GPXTI0
PC1.GPIOParameters=GPIO_PuPd,GPIO_Label,GPIO_ModeDefaultEXTI
PC1.GPIO_Label=Key2
PC1.GPIO_ModeDefaultEXTI=GPIO_MODE_IT_FALLING
PC1.GPIO_PuPd=GPIO_PULLUP
PC1.Locked=true
PC1.Signal=GPXTI1
PC2.GPIOParameters=GPIO_PuPd,GPIO_Label,GPIO_ModeDefaultEXTI
PC2.GPIO_Label=Key3
PC2.GPIO_ModeDefaultEXTI=GPIO_MODE_IT_FALLING
PC2.GPIO_PuPd=GPIO_PULLUP
PC2.Locked=true
PC2.Signal=GPXTI2
PC3.GPIOParameters=GPIO_PuPd,GPIO_Label,GPIO_ModeDefaultEXTI
PC3.GPIO_Label=Key4
PC3.GPIO_ModeDefaultEXTI=GPIO_MODE_IT_FALLING
PC3.GPIO_PuPd=GPIO_PULLUP
PC3.Locked=true
PC3.Signal=GPXTI3
PD0.Locked=true
PD0.Mode=16b-d1
PD0.Signal=FSMC_D2
PD1.Locked=true
PD1.Mode=16b-d1
PD1.Signal=FSMC_D3
PD10.Locked=true
PD10.Mode=16b-d1
PD10.Signal=FSMC_D15
PD13.Locked=true
PD13.Mode=A18_1
PD13.Signal=FSMC_A18
PD14.Locked=true
PD14.Mode=16b-d1
PD14.Signal=FSMC_D0
PD15.Locked=true
PD15.Mode=16b-d1
PD15.Signal=FSMC_D1
PD4.Locked=true
PD4.Mode=Lcd1
PD4.Signal=FSMC_NOE
PD5.Locked=true
PD5.Mode=Lcd1
PD5.Signal=FSMC_NWE
PD7.Locked=true
PD7.Mode=NorPsramChipSelect1_1
PD7.Signal=FSMC_NE1
PD8.Locked=true
PD8.Mode=16b-d1
PD8.Signal=FSMC_D13
PD9.Locked=true
PD9.Mode=16b-d1
PD9.Signal=FSMC_D14
PE10.Locked=true
PE10.Mode=16b-d1
PE10.Signal=FSMC_D7
PE11.Locked=true
PE11.Mode=16b-d1
PE11.Signal=FSMC_D8
PE12.Locked=true
PE12.Mode=16b-d1
PE12.Signal=FSMC_D9
PE13.Locked=true
PE13.Mode=16b-d1
PE13.Signal=FSMC_D10
PE14.Locked=true
PE14.Mode=16b-d1
PE14.Signal=FSMC_D11
PE15.Locked=true
PE15.Mode=16b-d1
PE15.Signal=FSMC_D12
PE5.GPIOParameters=PinState,GPIO_Label
PE5.GPIO_Label=LED0
PE5.Locked=true
PE5.PinState=GPIO_PIN_SET
PE5.Signal=GPIO_Output
PE6.GPIOParameters=PinState,GPIO_Label
PE6.GPIO_Label=LED1
PE6.Locked=true
PE6.PinState=GPIO_PIN_SET
PE6.Signal=GPIO_Output
PE7.Locked=true
PE7.Mode=16b-d1
PE7.Signal=FSMC_D4
PE8.Locked=true
PE8.Mode=16b-d1
PE8.Signal=FSMC_D5
PE9.Locked=true
PE9.Mode=16b-d1
PE9.Signal=FSMC_D6
PH0-OSC_IN.Mode=HSE-External-Oscillator
PH0-OSC_IN.Signal=RCC_OSC_IN
PH1-OSC_OUT.Mode=HSE-External-Oscillator
PH1-OSC_OUT.Signal=RCC_OSC_OUT
PinOutPanel.RotationAngle=0
ProjectManager.AskForMigrate=true
ProjectManager.BackupPrevious=false
ProjectManager.CompilerOptimize=6
ProjectManager.ComputerToolchain=false
ProjectManager.CoupleFile=true
ProjectManager.CustomerFirmwarePackage=
ProjectManager.DefaultFWLocation=true
ProjectManager.DeletePrevious=true
ProjectManager.DeviceId=STM32F407VETx
ProjectManager.FirmwarePackage=STM32Cube FW_F4 V1.27.1
ProjectManager.FreePins=false
ProjectManager.HalAssertFull=false
ProjectManager.HeapSize=0x200
ProjectManager.KeepUserCode=true
ProjectManager.LastFirmware=true
ProjectManager.LibraryCopy=1
ProjectManager.MainLocation=Core/Src
ProjectManager.NoMain=false
ProjectManager.PreviousToolchain=STM32CubeIDE
ProjectManager.ProjectBuild=false
ProjectManager.ProjectFileName=Demo LCD.ioc
ProjectManager.ProjectName=Demo LCD
ProjectManager.ProjectStructure=
ProjectManager.RegisterCallBack=
ProjectManager.StackSize=0x400
ProjectManager.TargetToolchain=STM32CubeIDE
ProjectManager.ToolChainLocation=
ProjectManager.UnderRoot=true
ProjectManager.functionlistsort=1-SystemClock_Config-RCC-false-HAL-false,2-MX_GPIO_Init-GPIO-false-HAL-true,3-MX_FSMC_Init-FSMC-false-HAL-true
RCC.48MHZClocksFreq_Value=84000000
RCC.AHBFreq_Value=168000000
RCC.APB1CLKDivider=RCC_HCLK_DIV4
RCC.APB1Freq_Value=42000000
RCC.APB1TimFreq_Value=84000000
RCC.APB2CLKDivider=RCC_HCLK_DIV2
RCC.APB2Freq_Value=84000000
RCC.APB2TimFreq_Value=168000000
RCC.CortexFreq_Value=168000000
RCC.EthernetFreq_Value=168000000
RCC.FCLKCortexFreq_Value=168000000
RCC.FamilyName=M
RCC.HCLKFreq_Value=168000000
RCC.HSE_VALUE=8000000
RCC.HSI_VALUE=16000000
RCC.I2SClocksFreq_Value=192000000
RCC.IPParameters=48MHZClocksFreq_Value,AHBFreq_Value,APB1CLKDivider,APB1Freq_Value,APB1TimFreq_Value,APB2CLKDivider,APB2Freq_Value,APB2TimFreq_Value,CortexFreq_Value,EthernetFreq_Value,FCLKCortexFreq_Value,FamilyName,HCLKFreq_Value,HSE_VALUE,HSI_VALUE,I2SClocksFreq_Value,LSE_VALUE,LSI_VALUE,MCO2PinFreq_Value,PLLCLKFreq_Value,PLLM,PLLN,PLLQCLKFreq_Value,PLLSourceVirtual,RTCFreq_Value,RTCHSEDivFreq_Value,SYSCLKFreq_VALUE,SYSCLKSource,VCOI2SOutputFreq_Value,VCOInputFreq_Value,VCOOutputFreq_Value,VcooutputI2S
RCC.LSE_VALUE=32768
RCC.LSI_VALUE=32000
RCC.MCO2PinFreq_Value=168000000
RCC.PLLCLKFreq_Value=168000000
RCC.PLLM=4
RCC.PLLN=168
RCC.PLLQCLKFreq_Value=84000000
RCC.PLLSourceVirtual=RCC_PLLSOURCE_HSE
RCC.RTCFreq_Value=32000
RCC.RTCHSEDivFreq_Value=4000000
RCC.SYSCLKFreq_VALUE=168000000
RCC.SYSCLKSource=RCC_SYSCLKSOURCE_PLLCLK
RCC.VCOI2SOutputFreq_Value=384000000
RCC.VCOInputFreq_Value=2000000
RCC.VCOOutputFreq_Value=336000000
RCC.VcooutputI2S=192000000
SH.GPXTI0.0=GPIO_EXTI0
SH.GPXTI0.ConfNb=1
SH.GPXTI1.0=GPIO_EXTI1
SH.GPXTI1.ConfNb=1
SH.GPXTI2.0=GPIO_EXTI2
SH.GPXTI2.ConfNb=1
SH.GPXTI3.0=GPIO_EXTI3
SH.GPXTI3.ConfNb=1
VP_SYS_VS_Systick.Mode=SysTick
VP_SYS_VS_Systick.Signal=SYS_VS_Systick
board=custom
